
Microsoft Visual Studio Solution File, Format Version 12.00
# Visual Studio Version 16
VisualStudioVersion = 16.0.30114.105
MinimumVisualStudioVersion = 10.0.40219.1
Project("{FAE04EC0-301F-11D3-BF4B-00C04F79EFBC}") = "api", "api\api.csproj", "{BECC6228-17AD-4414-A29A-DCDC583B1793}"
EndProject
Project("{FAE04EC0-301F-11D3-BF4B-00C04F79EFBC}") = "Contracts", "Contracts\Contracts.csproj", "{60CE3937-4B1D-4FD5-8B95-F382E9205FE2}"
EndProject
Project("{FAE04EC0-301F-11D3-BF4B-00C04F79EFBC}") = "LoggerService", "LoggerService\LoggerService.csproj", "{61277D57-901C-4960-BCA4-0E05971CE867}"
EndProject
Project("{2150E333-8FDC-42A3-9474-1A3956D46DE8}") = "Elementos de la solución", "Elementos de la solución", "{D09BB019-7A5B-4BE4-B157-B9F6DFCBA3BF}"
	ProjectSection(SolutionItems) = preProject
		.editorconfig = .editorconfig
	EndProjectSection
EndProject
Project("{FAE04EC0-301F-11D3-BF4B-00C04F79EFBC}") = "Dominio", "Dominio\Dominio.csproj", "{1319CE8C-4401-4B9A-898A-66CAA6DD605A}"
EndProject
Project("{FAE04EC0-301F-11D3-BF4B-00C04F79EFBC}") = "Servicios", "Servicios\Servicios.csproj", "{27894088-2523-408C-8247-03B96845795D}"
EndProject
Global
	GlobalSection(SolutionConfigurationPlatforms) = preSolution
		Debug|Any CPU = Debug|Any CPU
		Release|Any CPU = Release|Any CPU
	EndGlobalSection
	GlobalSection(SolutionProperties) = preSolution
		HideSolutionNode = FALSE
	EndGlobalSection
	GlobalSection(ProjectConfigurationPlatforms) = postSolution
		{BECC6228-17AD-4414-A29A-DCDC583B1793}.Debug|Any CPU.ActiveCfg = Debug|Any CPU
		{BECC6228-17AD-4414-A29A-DCDC583B1793}.Debug|Any CPU.Build.0 = Debug|Any CPU
		{BECC6228-17AD-4414-A29A-DCDC583B1793}.Release|Any CPU.ActiveCfg = Release|Any CPU
		{BECC6228-17AD-4414-A29A-DCDC583B1793}.Release|Any CPU.Build.0 = Release|Any CPU
		{60CE3937-4B1D-4FD5-8B95-F382E9205FE2}.Debug|Any CPU.ActiveCfg = Debug|Any CPU
		{60CE3937-4B1D-4FD5-8B95-F382E9205FE2}.Debug|Any CPU.Build.0 = Debug|Any CPU
		{60CE3937-4B1D-4FD5-8B95-F382E9205FE2}.Release|Any CPU.ActiveCfg = Release|Any CPU
		{60CE3937-4B1D-4FD5-8B95-F382E9205FE2}.Release|Any CPU.Build.0 = Release|Any CPU
		{61277D57-901C-4960-BCA4-0E05971CE867}.Debug|Any CPU.ActiveCfg = Debug|Any CPU
		{61277D57-901C-4960-BCA4-0E05971CE867}.Debug|Any CPU.Build.0 = Debug|Any CPU
		{61277D57-901C-4960-BCA4-0E05971CE867}.Release|Any CPU.ActiveCfg = Release|Any CPU
		{61277D57-901C-4960-BCA4-0E05971CE867}.Release|Any CPU.Build.0 = Release|Any CPU
		{1319CE8C-4401-4B9A-898A-66CAA6DD605A}.Debug|Any CPU.ActiveCfg = Debug|Any CPU
		{1319CE8C-4401-4B9A-898A-66CAA6DD605A}.Debug|Any CPU.Build.0 = Debug|Any CPU
		{1319CE8C-4401-4B9A-898A-66CAA6DD605A}.Release|Any CPU.ActiveCfg = Release|Any CPU
		{1319CE8C-4401-4B9A-898A-66CAA6DD605A}.Release|Any CPU.Build.0 = Release|Any CPU
		{27894088-2523-408C-8247-03B96845795D}.Debug|Any CPU.ActiveCfg = Debug|Any CPU
		{27894088-2523-408C-8247-03B96845795D}.Debug|Any CPU.Build.0 = Debug|Any CPU
		{27894088-2523-408C-8247-03B96845795D}.Release|Any CPU.ActiveCfg = Release|Any CPU
		{27894088-2523-408C-8247-03B96845795D}.Release|Any CPU.Build.0 = Release|Any CPU
	EndGlobalSection
	GlobalSection(MonoDevelopProperties) = preSolution
		Policies = $0
		$0.DotNetNamingPolicy = $1
		$1.DirectoryNamespaceAssociation = PrefixedHierarchical
		$0.TextStylePolicy = $2
		$2.inheritsSet = null
		$2.scope = text/x-csharp
		$0.CSharpFormattingPolicy = $3
		$3.scope = text/x-csharp
		$0.VersionControlPolicy = $4
	EndGlobalSection
EndGlobal
